// !$*UTF8*$!
{
	archiveVersion = 1;
	classes = {
	};
	objectVersion = 46;
	objects = {

/* Begin PBXBuildFile section */
		2DDFD4D65AEF1ECB42014BC9 /* libPods-NestTravel.a in Frameworks */ = {isa = PBXBuildFile; fileRef = E76B13A71B6776A397D02ACE /* libPods-NestTravel.a */; };
		52D82EE41A97ABD5DA110A43 /* libPods-NestTravelTests.a in Frameworks */ = {isa = PBXBuildFile; fileRef = 5184B330CE62E97A3313D188 /* libPods-NestTravelTests.a */; };
		91152E161C3A7D0800CCF504 /* ThermostatWithWeatherViewCell.m in Sources */ = {isa = PBXBuildFile; fileRef = 91152E141C3A7D0800CCF504 /* ThermostatWithWeatherViewCell.m */; };
		91152E171C3A7D0800CCF504 /* ThermostatWithWeatherViewCell.xib in Resources */ = {isa = PBXBuildFile; fileRef = 91152E151C3A7D0800CCF504 /* ThermostatWithWeatherViewCell.xib */; };
		91174E271C350EC800BED921 /* main.m in Sources */ = {isa = PBXBuildFile; fileRef = 91174E261C350EC800BED921 /* main.m */; };
		91174E2A1C350EC800BED921 /* AppDelegate.m in Sources */ = {isa = PBXBuildFile; fileRef = 91174E291C350EC800BED921 /* AppDelegate.m */; };
		91174E2D1C350EC800BED921 /* MainViewController.m in Sources */ = {isa = PBXBuildFile; fileRef = 91174E2C1C350EC800BED921 /* MainViewController.m */; };
		91174E301C350EC800BED921 /* Main.storyboard in Resources */ = {isa = PBXBuildFile; fileRef = 91174E2E1C350EC800BED921 /* Main.storyboard */; };
		91174E321C350EC800BED921 /* Assets.xcassets in Resources */ = {isa = PBXBuildFile; fileRef = 91174E311C350EC800BED921 /* Assets.xcassets */; };
		91174E351C350EC800BED921 /* LaunchScreen.storyboard in Resources */ = {isa = PBXBuildFile; fileRef = 91174E331C350EC800BED921 /* LaunchScreen.storyboard */; };
		D7C0208547FBBD2F9E92A85B /* NestSDKFirebaseManager.m in Sources */ = {isa = PBXBuildFile; fileRef = D7C0236A81A23822E9A904DD /* NestSDKFirebaseManager.m */; };
		D7C020A8A8F9101900976F3A /* TBDWeatherServiceDataParserTests.m in Sources */ = {isa = PBXBuildFile; fileRef = D7C025D9AAE630E31D1AC6FC /* TBDWeatherServiceDataParserTests.m */; };
		D7C0216730452AEDA81062DB /* HTMLAttributedString.m in Sources */ = {isa = PBXBuildFile; fileRef = D7C0213F556F989FE6E925AD /* HTMLAttributedString.m */; };
		D7C0231396D4293CD2D720D1 /* NestSDKSmokeCOAlarm.m in Sources */ = {isa = PBXBuildFile; fileRef = D7C02C81F7D305326B3BF881 /* NestSDKSmokeCOAlarm.m */; };
		D7C0231B4BF2079EEEB1BDD2 /* NestSDKStructuresManager.m in Sources */ = {isa = PBXBuildFile; fileRef = D7C028F9739405FBB6837B76 /* NestSDKStructuresManager.m */; };
		D7C023C08E1E22320B36620E /* NestSDKAuthorizationManager.m in Sources */ = {isa = PBXBuildFile; fileRef = D7C027989ADDB4A1B8312E22 /* NestSDKAuthorizationManager.m */; };
		D7C023D65DC4103B493ED768 /* NestSDKRESTServiceTests.m in Sources */ = {isa = PBXBuildFile; fileRef = D7C02759A7683AB8E256E996 /* NestSDKRESTServiceTests.m */; };
		D7C025534AAD67F0078DDC34 /* TBDUtils.m in Sources */ = {isa = PBXBuildFile; fileRef = D7C028BB986F3EB9CF58BD37 /* TBDUtils.m */; };
		D7C0269DC6B7E0DE9ACAD2FA /* UIColor+NestBlue.m in Sources */ = {isa = PBXBuildFile; fileRef = D7C02560B555FAF27D76597E /* UIColor+NestBlue.m */; };
		D7C027C4B28E10A5507B3C15 /* TestsAppDelegate.m in Sources */ = {isa = PBXBuildFile; fileRef = D7C02B95D198DE9366695B1B /* TestsAppDelegate.m */; };
		D7C02807BA36895C94E7EB2E /* TBDUtilsTests.m in Sources */ = {isa = PBXBuildFile; fileRef = D7C02CE569F071842743A5F0 /* TBDUtilsTests.m */; };
		D7C02818B12D5EFD35B4A670 /* NestSDKAuthorizationManagerAuthorizationResult.m in Sources */ = {isa = PBXBuildFile; fileRef = D7C02A7873F602866A70FEE3 /* NestSDKAuthorizationManagerAuthorizationResult.m */; };
		D7C028E0AA14CCA5D1D1C578 /* NestSDKAccessTokenCacheTests.m in Sources */ = {isa = PBXBuildFile; fileRef = D7C02BCC20FC0D71C3FBD791 /* NestSDKAccessTokenCacheTests.m */; };
		D7C029D8F5A4343B3D44029F /* TBDWeatherData.m in Sources */ = {isa = PBXBuildFile; fileRef = D7C02493FC8FA01B6880303C /* TBDWeatherData.m */; };
		D7C02A4D1807B684BBC28754 /* NestSDKAccessTokenTests.m in Sources */ = {isa = PBXBuildFile; fileRef = D7C02052A7160F3064C2DBE9 /* NestSDKAccessTokenTests.m */; };
		D7C02A72BD176985E91705A7 /* WebViewController.m in Sources */ = {isa = PBXBuildFile; fileRef = D7C02B702A75331154F22703 /* WebViewController.m */; };
		D7C02B0D900732DFBDE1A278 /* TBDWeatherServiceTests.m in Sources */ = {isa = PBXBuildFile; fileRef = D7C0244D0C9113D899F6BC5F /* TBDWeatherServiceTests.m */; };
		D7C02C2206A0965D6E7F0EB0 /* NestSDKAccessTokenCache.m in Sources */ = {isa = PBXBuildFile; fileRef = D7C02E080926CB25396B7532 /* NestSDKAccessTokenCache.m */; };
		D7C02CA7CF23B916C3B27F6B /* NestSDKAuthorizationViewController.m in Sources */ = {isa = PBXBuildFile; fileRef = D7C025F70A155D407352622C /* NestSDKAuthorizationViewController.m */; };
		D7C02CFA97BEF7B92A669E4D /* NestSDKStructure.m in Sources */ = {isa = PBXBuildFile; fileRef = D7C025B9EF99FBFD1AF2057C /* NestSDKStructure.m */; };
		D7C02D13C44CEB840CB0E1B5 /* NestSDKThermostatsManager.m in Sources */ = {isa = PBXBuildFile; fileRef = D7C0297AFDE6E2A3E53F62AC /* NestSDKThermostatsManager.m */; };
		D7C02D9960206952E51E3733 /* TBDWeatherService.m in Sources */ = {isa = PBXBuildFile; fileRef = D7C0246E6A3EEE6B1AB39AEB /* TBDWeatherService.m */; };
		D7C02DE0BB964CFB919F1FD7 /* TBDTravelSuggestion.m in Sources */ = {isa = PBXBuildFile; fileRef = D7C02D931BEB6514F0012E0B /* TBDTravelSuggestion.m */; };
		D7C02DE7F994C2427DA9525D /* TBDWeatherServiceDataParser.m in Sources */ = {isa = PBXBuildFile; fileRef = D7C0243FBF0BF1F31A988780 /* TBDWeatherServiceDataParser.m */; };
		D7C02DEADB127EAF93665CF5 /* NestSDKApplicationDelegate.m in Sources */ = {isa = PBXBuildFile; fileRef = D7C0298C4F475BE346E3C708 /* NestSDKApplicationDelegate.m */; };
		D7C02DF367269C0C78B84696 /* NestSDKRESTService.m in Sources */ = {isa = PBXBuildFile; fileRef = D7C02F48599AEC00AAF4F282 /* NestSDKRESTService.m */; };
		D7C02E835B6D515504D17739 /* NestSDKAccessToken.m in Sources */ = {isa = PBXBuildFile; fileRef = D7C02CD65F77E128A03FFEFF /* NestSDKAccessToken.m */; };
		D7C02ECB40158386F0402C3E /* NestSDKThermostat.m in Sources */ = {isa = PBXBuildFile; fileRef = D7C02BFFF543FB0D755AE1C2 /* NestSDKThermostat.m */; };
/* End PBXBuildFile section */

/* Begin PBXContainerItemProxy section */
		91174E3C1C350EC800BED921 /* PBXContainerItemProxy */ = {
			isa = PBXContainerItemProxy;
			containerPortal = 91174E1A1C350EC700BED921 /* Project object */;
			proxyType = 1;
			remoteGlobalIDString = 91174E211C350EC700BED921;
			remoteInfo = NestTravel;
		};
/* End PBXContainerItemProxy section */

/* Begin PBXFileReference section */
		09A389AFFB0003100E5C9243 /* Pods-NestTravel.release.xcconfig */ = {isa = PBXFileReference; includeInIndex = 1; lastKnownFileType = text.xcconfig; name = "Pods-NestTravel.release.xcconfig"; path = "Pods/Target Support Files/Pods-NestTravel/Pods-NestTravel.release.xcconfig"; sourceTree = "<group>"; };
		5184B330CE62E97A3313D188 /* libPods-NestTravelTests.a */ = {isa = PBXFileReference; explicitFileType = archive.ar; includeInIndex = 0; path = "libPods-NestTravelTests.a"; sourceTree = BUILT_PRODUCTS_DIR; };
		5E46F44C48DB9D2F0C73409B /* Pods-NestTravel.debug.xcconfig */ = {isa = PBXFileReference; includeInIndex = 1; lastKnownFileType = text.xcconfig; name = "Pods-NestTravel.debug.xcconfig"; path = "Pods/Target Support Files/Pods-NestTravel/Pods-NestTravel.debug.xcconfig"; sourceTree = "<group>"; };
		79E32906BF8F5E79717276D1 /* Pods-NestTravelTests.debug.xcconfig */ = {isa = PBXFileReference; includeInIndex = 1; lastKnownFileType = text.xcconfig; name = "Pods-NestTravelTests.debug.xcconfig"; path = "Pods/Target Support Files/Pods-NestTravelTests/Pods-NestTravelTests.debug.xcconfig"; sourceTree = "<group>"; };
		91152E131C3A7D0800CCF504 /* ThermostatWithWeatherViewCell.h */ = {isa = PBXFileReference; fileEncoding = 4; lastKnownFileType = sourcecode.c.h; path = ThermostatWithWeatherViewCell.h; sourceTree = "<group>"; };
		91152E141C3A7D0800CCF504 /* ThermostatWithWeatherViewCell.m */ = {isa = PBXFileReference; fileEncoding = 4; lastKnownFileType = sourcecode.c.objc; path = ThermostatWithWeatherViewCell.m; sourceTree = "<group>"; };
		91152E151C3A7D0800CCF504 /* ThermostatWithWeatherViewCell.xib */ = {isa = PBXFileReference; fileEncoding = 4; lastKnownFileType = file.xib; path = ThermostatWithWeatherViewCell.xib; sourceTree = "<group>"; };
		91174E221C350EC700BED921 /* NestTravel.app */ = {isa = PBXFileReference; explicitFileType = wrapper.application; includeInIndex = 0; path = NestTravel.app; sourceTree = BUILT_PRODUCTS_DIR; };
		91174E261C350EC800BED921 /* main.m */ = {isa = PBXFileReference; lastKnownFileType = sourcecode.c.objc; path = main.m; sourceTree = "<group>"; };
		91174E281C350EC800BED921 /* AppDelegate.h */ = {isa = PBXFileReference; lastKnownFileType = sourcecode.c.h; path = AppDelegate.h; sourceTree = "<group>"; };
		91174E291C350EC800BED921 /* AppDelegate.m */ = {isa = PBXFileReference; lastKnownFileType = sourcecode.c.objc; path = AppDelegate.m; sourceTree = "<group>"; };
		91174E2B1C350EC800BED921 /* MainViewController.h */ = {isa = PBXFileReference; lastKnownFileType = sourcecode.c.h; path = MainViewController.h; sourceTree = "<group>"; };
		91174E2C1C350EC800BED921 /* MainViewController.m */ = {isa = PBXFileReference; lastKnownFileType = sourcecode.c.objc; path = MainViewController.m; sourceTree = "<group>"; };
		91174E2F1C350EC800BED921 /* Base */ = {isa = PBXFileReference; lastKnownFileType = file.storyboard; name = Base; path = Base.lproj/Main.storyboard; sourceTree = "<group>"; };
		91174E311C350EC800BED921 /* Assets.xcassets */ = {isa = PBXFileReference; lastKnownFileType = folder.assetcatalog; path = Assets.xcassets; sourceTree = "<group>"; };
		91174E341C350EC800BED921 /* Base */ = {isa = PBXFileReference; lastKnownFileType = file.storyboard; name = Base; path = Base.lproj/LaunchScreen.storyboard; sourceTree = "<group>"; };
		91174E361C350EC800BED921 /* Info.plist */ = {isa = PBXFileReference; lastKnownFileType = text.plist.xml; path = Info.plist; sourceTree = "<group>"; };
		91174E3B1C350EC800BED921 /* NestTravelTests.xctest */ = {isa = PBXFileReference; explicitFileType = wrapper.cfbundle; includeInIndex = 0; path = NestTravelTests.xctest; sourceTree = BUILT_PRODUCTS_DIR; };
		91174E411C350EC800BED921 /* Info.plist */ = {isa = PBXFileReference; lastKnownFileType = text.plist.xml; path = Info.plist; sourceTree = "<group>"; };
		987FD573E46A5694BBDD4339 /* Pods-NestTravelTests.release.xcconfig */ = {isa = PBXFileReference; includeInIndex = 1; lastKnownFileType = text.xcconfig; name = "Pods-NestTravelTests.release.xcconfig"; path = "Pods/Target Support Files/Pods-NestTravelTests/Pods-NestTravelTests.release.xcconfig"; sourceTree = "<group>"; };
		D7C02052A7160F3064C2DBE9 /* NestSDKAccessTokenTests.m */ = {isa = PBXFileReference; fileEncoding = 4; lastKnownFileType = sourcecode.c.objc; path = NestSDKAccessTokenTests.m; sourceTree = "<group>"; };
		D7C0213F556F989FE6E925AD /* HTMLAttributedString.m */ = {isa = PBXFileReference; fileEncoding = 4; lastKnownFileType = sourcecode.c.objc; path = HTMLAttributedString.m; sourceTree = "<group>"; };
		D7C022190F0D4D84A8DFBC00 /* TBDUtils.h */ = {isa = PBXFileReference; fileEncoding = 4; lastKnownFileType = sourcecode.c.h; path = TBDUtils.h; sourceTree = "<group>"; };
		D7C0225A91104E31E3FA9FF4 /* NestSDKApplicationDelegate.h */ = {isa = PBXFileReference; fileEncoding = 4; lastKnownFileType = sourcecode.c.h; path = NestSDKApplicationDelegate.h; sourceTree = "<group>"; };
		D7C022CB026BBD9A93F0A04E /* TestsAppDelegate.h */ = {isa = PBXFileReference; fileEncoding = 4; lastKnownFileType = sourcecode.c.h; path = TestsAppDelegate.h; sourceTree = "<group>"; };
		D7C0234E2200073DDA8C8237 /* NestSDKThermostat.h */ = {isa = PBXFileReference; fileEncoding = 4; lastKnownFileType = sourcecode.c.h; path = NestSDKThermostat.h; sourceTree = "<group>"; };
		D7C0236A81A23822E9A904DD /* NestSDKFirebaseManager.m */ = {isa = PBXFileReference; fileEncoding = 4; lastKnownFileType = sourcecode.c.objc; path = NestSDKFirebaseManager.m; sourceTree = "<group>"; };
		D7C023D0E25FC1AC6949346B /* NestSDKRESTService.h */ = {isa = PBXFileReference; fileEncoding = 4; lastKnownFileType = sourcecode.c.h; path = NestSDKRESTService.h; sourceTree = "<group>"; };
		D7C0243FBF0BF1F31A988780 /* TBDWeatherServiceDataParser.m */ = {isa = PBXFileReference; fileEncoding = 4; lastKnownFileType = sourcecode.c.objc; path = TBDWeatherServiceDataParser.m; sourceTree = "<group>"; };
		D7C0244D0C9113D899F6BC5F /* TBDWeatherServiceTests.m */ = {isa = PBXFileReference; fileEncoding = 4; lastKnownFileType = sourcecode.c.objc; path = TBDWeatherServiceTests.m; sourceTree = "<group>"; };
		D7C0246E6A3EEE6B1AB39AEB /* TBDWeatherService.m */ = {isa = PBXFileReference; fileEncoding = 4; lastKnownFileType = sourcecode.c.objc; path = TBDWeatherService.m; sourceTree = "<group>"; };
		D7C02493FC8FA01B6880303C /* TBDWeatherData.m */ = {isa = PBXFileReference; fileEncoding = 4; lastKnownFileType = sourcecode.c.objc; path = TBDWeatherData.m; sourceTree = "<group>"; };
		D7C0253A42C997732EA86BC1 /* UIColor+NestBlue.h */ = {isa = PBXFileReference; fileEncoding = 4; lastKnownFileType = sourcecode.c.h; path = "UIColor+NestBlue.h"; sourceTree = "<group>"; };
		D7C02560B555FAF27D76597E /* UIColor+NestBlue.m */ = {isa = PBXFileReference; fileEncoding = 4; lastKnownFileType = sourcecode.c.objc; path = "UIColor+NestBlue.m"; sourceTree = "<group>"; };
		D7C025B9EF99FBFD1AF2057C /* NestSDKStructure.m */ = {isa = PBXFileReference; fileEncoding = 4; lastKnownFileType = sourcecode.c.objc; path = NestSDKStructure.m; sourceTree = "<group>"; };
		D7C025C7B0D400A6AC980F07 /* WebViewController.h */ = {isa = PBXFileReference; fileEncoding = 4; lastKnownFileType = sourcecode.c.h; path = WebViewController.h; sourceTree = "<group>"; };
		D7C025D9AAE630E31D1AC6FC /* TBDWeatherServiceDataParserTests.m */ = {isa = PBXFileReference; fileEncoding = 4; lastKnownFileType = sourcecode.c.objc; path = TBDWeatherServiceDataParserTests.m; sourceTree = "<group>"; };
		D7C025ED2B139B8F30673875 /* TBDTravelSuggestion.h */ = {isa = PBXFileReference; fileEncoding = 4; lastKnownFileType = sourcecode.c.h; path = TBDTravelSuggestion.h; sourceTree = "<group>"; };
		D7C025F70A155D407352622C /* NestSDKAuthorizationViewController.m */ = {isa = PBXFileReference; fileEncoding = 4; lastKnownFileType = sourcecode.c.objc; path = NestSDKAuthorizationViewController.m; sourceTree = "<group>"; };
		D7C0268F419C9391D1004767 /* NestSDKStructuresManager.h */ = {isa = PBXFileReference; fileEncoding = 4; lastKnownFileType = sourcecode.c.h; path = NestSDKStructuresManager.h; sourceTree = "<group>"; };
		D7C0273365CAC223D5CF07CE /* NestSDKAccessToken.h */ = {isa = PBXFileReference; fileEncoding = 4; lastKnownFileType = sourcecode.c.h; path = NestSDKAccessToken.h; sourceTree = "<group>"; };
		D7C02759A7683AB8E256E996 /* NestSDKRESTServiceTests.m */ = {isa = PBXFileReference; fileEncoding = 4; lastKnownFileType = sourcecode.c.objc; path = NestSDKRESTServiceTests.m; sourceTree = "<group>"; };
		D7C027989ADDB4A1B8312E22 /* NestSDKAuthorizationManager.m */ = {isa = PBXFileReference; fileEncoding = 4; lastKnownFileType = sourcecode.c.objc; path = NestSDKAuthorizationManager.m; sourceTree = "<group>"; };
		D7C02815C909AD8148AD5DE3 /* NestSDKFirebaseManager.h */ = {isa = PBXFileReference; fileEncoding = 4; lastKnownFileType = sourcecode.c.h; path = NestSDKFirebaseManager.h; sourceTree = "<group>"; };
		D7C028BB986F3EB9CF58BD37 /* TBDUtils.m */ = {isa = PBXFileReference; fileEncoding = 4; lastKnownFileType = sourcecode.c.objc; path = TBDUtils.m; sourceTree = "<group>"; };
		D7C028F9739405FBB6837B76 /* NestSDKStructuresManager.m */ = {isa = PBXFileReference; fileEncoding = 4; lastKnownFileType = sourcecode.c.objc; path = NestSDKStructuresManager.m; sourceTree = "<group>"; };
		D7C0297AFDE6E2A3E53F62AC /* NestSDKThermostatsManager.m */ = {isa = PBXFileReference; fileEncoding = 4; lastKnownFileType = sourcecode.c.objc; path = NestSDKThermostatsManager.m; sourceTree = "<group>"; };
		D7C0298C4F475BE346E3C708 /* NestSDKApplicationDelegate.m */ = {isa = PBXFileReference; fileEncoding = 4; lastKnownFileType = sourcecode.c.objc; path = NestSDKApplicationDelegate.m; sourceTree = "<group>"; };
		D7C029CA97EF8A0E304D2C12 /* TBDWeatherServiceDataParser.h */ = {isa = PBXFileReference; fileEncoding = 4; lastKnownFileType = sourcecode.c.h; path = TBDWeatherServiceDataParser.h; sourceTree = "<group>"; };
		D7C029E4CF9E610C747ED168 /* TBDWeatherData.h */ = {isa = PBXFileReference; fileEncoding = 4; lastKnownFileType = sourcecode.c.h; path = TBDWeatherData.h; sourceTree = "<group>"; };
		D7C02A7873F602866A70FEE3 /* NestSDKAuthorizationManagerAuthorizationResult.m */ = {isa = PBXFileReference; fileEncoding = 4; lastKnownFileType = sourcecode.c.objc; path = NestSDKAuthorizationManagerAuthorizationResult.m; sourceTree = "<group>"; };
		D7C02B041E7114F6AAAF43C0 /* NestSDKAuthorizationViewController.h */ = {isa = PBXFileReference; fileEncoding = 4; lastKnownFileType = sourcecode.c.h; path = NestSDKAuthorizationViewController.h; sourceTree = "<group>"; };
		D7C02B380331A3FC8D6B91CC /* NestSDKSmokeCOAlarm.h */ = {isa = PBXFileReference; fileEncoding = 4; lastKnownFileType = sourcecode.c.h; path = NestSDKSmokeCOAlarm.h; sourceTree = "<group>"; };
		D7C02B702A75331154F22703 /* WebViewController.m */ = {isa = PBXFileReference; fileEncoding = 4; lastKnownFileType = sourcecode.c.objc; path = WebViewController.m; sourceTree = "<group>"; };
		D7C02B8C4CC2CB76E519467B /* NestSDKAuthorizationManager.h */ = {isa = PBXFileReference; fileEncoding = 4; lastKnownFileType = sourcecode.c.h; path = NestSDKAuthorizationManager.h; sourceTree = "<group>"; };
		D7C02B95D198DE9366695B1B /* TestsAppDelegate.m */ = {isa = PBXFileReference; fileEncoding = 4; lastKnownFileType = sourcecode.c.objc; path = TestsAppDelegate.m; sourceTree = "<group>"; };
		D7C02BCC20FC0D71C3FBD791 /* NestSDKAccessTokenCacheTests.m */ = {isa = PBXFileReference; fileEncoding = 4; lastKnownFileType = sourcecode.c.objc; path = NestSDKAccessTokenCacheTests.m; sourceTree = "<group>"; };
		D7C02BE57DF8A16652B544AD /* NestSDKAuthorizationManagerAuthorizationResult.h */ = {isa = PBXFileReference; fileEncoding = 4; lastKnownFileType = sourcecode.c.h; path = NestSDKAuthorizationManagerAuthorizationResult.h; sourceTree = "<group>"; };
		D7C02BFFF543FB0D755AE1C2 /* NestSDKThermostat.m */ = {isa = PBXFileReference; fileEncoding = 4; lastKnownFileType = sourcecode.c.objc; path = NestSDKThermostat.m; sourceTree = "<group>"; };
		D7C02C81F7D305326B3BF881 /* NestSDKSmokeCOAlarm.m */ = {isa = PBXFileReference; fileEncoding = 4; lastKnownFileType = sourcecode.c.objc; path = NestSDKSmokeCOAlarm.m; sourceTree = "<group>"; };
		D7C02CD65F77E128A03FFEFF /* NestSDKAccessToken.m */ = {isa = PBXFileReference; fileEncoding = 4; lastKnownFileType = sourcecode.c.objc; path = NestSDKAccessToken.m; sourceTree = "<group>"; };
		D7C02CE569F071842743A5F0 /* TBDUtilsTests.m */ = {isa = PBXFileReference; fileEncoding = 4; lastKnownFileType = sourcecode.c.objc; path = TBDUtilsTests.m; sourceTree = "<group>"; };
		D7C02D0395993B696B6D7705 /* NestSDKStructure.h */ = {isa = PBXFileReference; fileEncoding = 4; lastKnownFileType = sourcecode.c.h; path = NestSDKStructure.h; sourceTree = "<group>"; };
		D7C02D2CB8578035612A8F7A /* HTMLAttributedString.h */ = {isa = PBXFileReference; fileEncoding = 4; lastKnownFileType = sourcecode.c.h; path = HTMLAttributedString.h; sourceTree = "<group>"; };
		D7C02D931BEB6514F0012E0B /* TBDTravelSuggestion.m */ = {isa = PBXFileReference; fileEncoding = 4; lastKnownFileType = sourcecode.c.objc; path = TBDTravelSuggestion.m; sourceTree = "<group>"; };
		D7C02DDBD8C3BFB81341CB08 /* NestSDKAccessTokenCache.h */ = {isa = PBXFileReference; fileEncoding = 4; lastKnownFileType = sourcecode.c.h; path = NestSDKAccessTokenCache.h; sourceTree = "<group>"; };
		D7C02DDC6DE0F8B806ACB25D /* NestSDKThermostatsManager.h */ = {isa = PBXFileReference; fileEncoding = 4; lastKnownFileType = sourcecode.c.h; path = NestSDKThermostatsManager.h; sourceTree = "<group>"; };
		D7C02E080926CB25396B7532 /* NestSDKAccessTokenCache.m */ = {isa = PBXFileReference; fileEncoding = 4; lastKnownFileType = sourcecode.c.objc; path = NestSDKAccessTokenCache.m; sourceTree = "<group>"; };
		D7C02F48599AEC00AAF4F282 /* NestSDKRESTService.m */ = {isa = PBXFileReference; fileEncoding = 4; lastKnownFileType = sourcecode.c.objc; path = NestSDKRESTService.m; sourceTree = "<group>"; };
		D7C02F9D633BA5A29E2EF432 /* TBDWeatherService.h */ = {isa = PBXFileReference; fileEncoding = 4; lastKnownFileType = sourcecode.c.h; path = TBDWeatherService.h; sourceTree = "<group>"; };
		E76B13A71B6776A397D02ACE /* libPods-NestTravel.a */ = {isa = PBXFileReference; explicitFileType = archive.ar; includeInIndex = 0; path = "libPods-NestTravel.a"; sourceTree = BUILT_PRODUCTS_DIR; };
/* End PBXFileReference section */

/* Begin PBXFrameworksBuildPhase section */
		91174E1F1C350EC700BED921 /* Frameworks */ = {
			isa = PBXFrameworksBuildPhase;
			buildActionMask = 2147483647;
			files = (
				2DDFD4D65AEF1ECB42014BC9 /* libPods-NestTravel.a in Frameworks */,
			);
			runOnlyForDeploymentPostprocessing = 0;
		};
		91174E381C350EC800BED921 /* Frameworks */ = {
			isa = PBXFrameworksBuildPhase;
			buildActionMask = 2147483647;
			files = (
				52D82EE41A97ABD5DA110A43 /* libPods-NestTravelTests.a in Frameworks */,
			);
			runOnlyForDeploymentPostprocessing = 0;
		};
/* End PBXFrameworksBuildPhase section */

/* Begin PBXGroup section */
		285EBE3284EC4D7B306CAE93 /* Frameworks */ = {
			isa = PBXGroup;
			children = (
				E76B13A71B6776A397D02ACE /* libPods-NestTravel.a */,
				5184B330CE62E97A3313D188 /* libPods-NestTravelTests.a */,
			);
			name = Frameworks;
			sourceTree = "<group>";
		};
		7481BEDB3EF90E33FE86A712 /* Pods */ = {
			isa = PBXGroup;
			children = (
				5E46F44C48DB9D2F0C73409B /* Pods-NestTravel.debug.xcconfig */,
				09A389AFFB0003100E5C9243 /* Pods-NestTravel.release.xcconfig */,
				79E32906BF8F5E79717276D1 /* Pods-NestTravelTests.debug.xcconfig */,
				987FD573E46A5694BBDD4339 /* Pods-NestTravelTests.release.xcconfig */,
			);
			name = Pods;
			sourceTree = "<group>";
		};
		91174E191C350EC700BED921 = {
			isa = PBXGroup;
			children = (
				91174E241C350EC700BED921 /* NestTravel */,
				91174E3E1C350EC800BED921 /* NestTravelTests */,
				91174E231C350EC700BED921 /* Products */,
				7481BEDB3EF90E33FE86A712 /* Pods */,
				285EBE3284EC4D7B306CAE93 /* Frameworks */,
				D7C02F6E9A1774930E7901E1 /* Core */,
				D7C0275E8BDC1D536F5F424F /* ThirdParty */,
			);
			sourceTree = "<group>";
		};
		91174E231C350EC700BED921 /* Products */ = {
			isa = PBXGroup;
			children = (
				91174E221C350EC700BED921 /* NestTravel.app */,
				91174E3B1C350EC800BED921 /* NestTravelTests.xctest */,
			);
			name = Products;
			sourceTree = "<group>";
		};
		91174E241C350EC700BED921 /* NestTravel */ = {
			isa = PBXGroup;
			children = (
				91152E131C3A7D0800CCF504 /* ThermostatWithWeatherViewCell.h */,
				91152E141C3A7D0800CCF504 /* ThermostatWithWeatherViewCell.m */,
				91152E151C3A7D0800CCF504 /* ThermostatWithWeatherViewCell.xib */,
				91174E281C350EC800BED921 /* AppDelegate.h */,
				91174E291C350EC800BED921 /* AppDelegate.m */,
				91174E2B1C350EC800BED921 /* MainViewController.h */,
				91174E2C1C350EC800BED921 /* MainViewController.m */,
				91174E2E1C350EC800BED921 /* Main.storyboard */,
				91174E311C350EC800BED921 /* Assets.xcassets */,
				91174E331C350EC800BED921 /* LaunchScreen.storyboard */,
				91174E361C350EC800BED921 /* Info.plist */,
				91174E251C350EC700BED921 /* Supporting Files */,
				D7C022CB026BBD9A93F0A04E /* TestsAppDelegate.h */,
				D7C02B95D198DE9366695B1B /* TestsAppDelegate.m */,
				D7C02B702A75331154F22703 /* WebViewController.m */,
				D7C025C7B0D400A6AC980F07 /* WebViewController.h */,
			);
			path = NestTravel;
			sourceTree = "<group>";
		};
		91174E251C350EC700BED921 /* Supporting Files */ = {
			isa = PBXGroup;
			children = (
				91174E261C350EC800BED921 /* main.m */,
			);
			name = "Supporting Files";
			sourceTree = "<group>";
		};
		91174E3E1C350EC800BED921 /* NestTravelTests */ = {
			isa = PBXGroup;
			children = (
				91174E411C350EC800BED921 /* Info.plist */,
				D7C02189C27BAD440AD446DC /* NestSDK */,
				D7C02CE569F071842743A5F0 /* TBDUtilsTests.m */,
				D7C02A1CDBFD17C9DF650F6F /* Weather Service */,
			);
			path = NestTravelTests;
			sourceTree = "<group>";
		};
		D7C02189C27BAD440AD446DC /* NestSDK */ = {
			isa = PBXGroup;
			children = (
				D7C02BCC20FC0D71C3FBD791 /* NestSDKAccessTokenCacheTests.m */,
				D7C02052A7160F3064C2DBE9 /* NestSDKAccessTokenTests.m */,
				D7C02759A7683AB8E256E996 /* NestSDKRESTServiceTests.m */,
			);
			path = NestSDK;
			sourceTree = "<group>";
		};
		D7C02506DD9EB9399C26BD30 /* HTMLAttributedString */ = {
			isa = PBXGroup;
			children = (
				D7C02D2CB8578035612A8F7A /* HTMLAttributedString.h */,
				D7C0213F556F989FE6E925AD /* HTMLAttributedString.m */,
			);
			path = HTMLAttributedString;
			sourceTree = "<group>";
		};
		D7C0250A5D32AD859601A0F0 /* NestSDK */ = {
			isa = PBXGroup;
			children = (
				D7C027989ADDB4A1B8312E22 /* NestSDKAuthorizationManager.m */,
				D7C02B8C4CC2CB76E519467B /* NestSDKAuthorizationManager.h */,
				D7C02CD65F77E128A03FFEFF /* NestSDKAccessToken.m */,
				D7C0273365CAC223D5CF07CE /* NestSDKAccessToken.h */,
				D7C02F48599AEC00AAF4F282 /* NestSDKRESTService.m */,
				D7C023D0E25FC1AC6949346B /* NestSDKRESTService.h */,
				D7C0298C4F475BE346E3C708 /* NestSDKApplicationDelegate.m */,
				D7C0225A91104E31E3FA9FF4 /* NestSDKApplicationDelegate.h */,
				D7C02A7873F602866A70FEE3 /* NestSDKAuthorizationManagerAuthorizationResult.m */,
				D7C02BE57DF8A16652B544AD /* NestSDKAuthorizationManagerAuthorizationResult.h */,
				D7C02B041E7114F6AAAF43C0 /* NestSDKAuthorizationViewController.h */,
				D7C025F70A155D407352622C /* NestSDKAuthorizationViewController.m */,
				D7C0297AFDE6E2A3E53F62AC /* NestSDKThermostatsManager.m */,
				D7C02DDC6DE0F8B806ACB25D /* NestSDKThermostatsManager.h */,
				D7C028F9739405FBB6837B76 /* NestSDKStructuresManager.m */,
				D7C0268F419C9391D1004767 /* NestSDKStructuresManager.h */,
				D7C025B9EF99FBFD1AF2057C /* NestSDKStructure.m */,
				D7C02D0395993B696B6D7705 /* NestSDKStructure.h */,
				D7C02BFFF543FB0D755AE1C2 /* NestSDKThermostat.m */,
				D7C0234E2200073DDA8C8237 /* NestSDKThermostat.h */,
				D7C0236A81A23822E9A904DD /* NestSDKFirebaseManager.m */,
				D7C02815C909AD8148AD5DE3 /* NestSDKFirebaseManager.h */,
				D7C02E080926CB25396B7532 /* NestSDKAccessTokenCache.m */,
				D7C02DDBD8C3BFB81341CB08 /* NestSDKAccessTokenCache.h */,
				D7C02C81F7D305326B3BF881 /* NestSDKSmokeCOAlarm.m */,
				D7C02B380331A3FC8D6B91CC /* NestSDKSmokeCOAlarm.h */,
			);
			path = NestSDK;
			sourceTree = "<group>";
		};
		D7C0275E8BDC1D536F5F424F /* ThirdParty */ = {
			isa = PBXGroup;
			children = (
				D7C02506DD9EB9399C26BD30 /* HTMLAttributedString */,
			);
			path = ThirdParty;
			sourceTree = "<group>";
		};
		D7C02A1CDBFD17C9DF650F6F /* Weather Service */ = {
			isa = PBXGroup;
			children = (
				D7C025D9AAE630E31D1AC6FC /* TBDWeatherServiceDataParserTests.m */,
				D7C0244D0C9113D899F6BC5F /* TBDWeatherServiceTests.m */,
			);
			path = "Weather Service";
			sourceTree = "<group>";
		};
		D7C02D006C11F1CF5782EF68 /* Weather Service */ = {
			isa = PBXGroup;
			children = (
				D7C0246E6A3EEE6B1AB39AEB /* TBDWeatherService.m */,
				D7C02F9D633BA5A29E2EF432 /* TBDWeatherService.h */,
				D7C029E4CF9E610C747ED168 /* TBDWeatherData.h */,
				D7C02493FC8FA01B6880303C /* TBDWeatherData.m */,
				D7C0243FBF0BF1F31A988780 /* TBDWeatherServiceDataParser.m */,
				D7C029CA97EF8A0E304D2C12 /* TBDWeatherServiceDataParser.h */,
			);
			path = "Weather Service";
			sourceTree = "<group>";
		};
		D7C02F6E9A1774930E7901E1 /* Core */ = {
			isa = PBXGroup;
			children = (
				D7C0250A5D32AD859601A0F0 /* NestSDK */,
				D7C02560B555FAF27D76597E /* UIColor+NestBlue.m */,
				D7C0253A42C997732EA86BC1 /* UIColor+NestBlue.h */,
				D7C02D006C11F1CF5782EF68 /* Weather Service */,
				D7C028BB986F3EB9CF58BD37 /* TBDUtils.m */,
				D7C022190F0D4D84A8DFBC00 /* TBDUtils.h */,
				D7C02D931BEB6514F0012E0B /* TBDTravelSuggestion.m */,
				D7C025ED2B139B8F30673875 /* TBDTravelSuggestion.h */,
			);
			path = Core;
			sourceTree = "<group>";
		};
/* End PBXGroup section */

/* Begin PBXNativeTarget section */
		91174E211C350EC700BED921 /* NestTravel */ = {
			isa = PBXNativeTarget;
			buildConfigurationList = 91174E441C350EC800BED921 /* Build configuration list for PBXNativeTarget "NestTravel" */;
			buildPhases = (
				5C966B9D93606ECDBCADC487 /* Check Pods Manifest.lock */,
				91174E1E1C350EC700BED921 /* Sources */,
				91174E1F1C350EC700BED921 /* Frameworks */,
				91174E201C350EC700BED921 /* Resources */,
				857B8DB5555822B6DAF29CDE /* Embed Pods Frameworks */,
				14107455BF5FE501FF8D4005 /* Copy Pods Resources */,
			);
			buildRules = (
			);
			dependencies = (
			);
			name = NestTravel;
			productName = NestTravel;
			productReference = 91174E221C350EC700BED921 /* NestTravel.app */;
			productType = "com.apple.product-type.application";
		};
		91174E3A1C350EC800BED921 /* NestTravelTests */ = {
			isa = PBXNativeTarget;
			buildConfigurationList = 91174E471C350EC800BED921 /* Build configuration list for PBXNativeTarget "NestTravelTests" */;
			buildPhases = (
				8B26207AF3CCA0F6B3654049 /* Check Pods Manifest.lock */,
				91174E371C350EC800BED921 /* Sources */,
				91174E381C350EC800BED921 /* Frameworks */,
				91174E391C350EC800BED921 /* Resources */,
				655CF5324185052BC38D7412 /* Embed Pods Frameworks */,
				A1B481559F48F66668BEBEF2 /* Copy Pods Resources */,
				91DC3C771C3BB21500A61B61 /* ShellScript */,
			);
			buildRules = (
			);
			dependencies = (
				91174E3D1C350EC800BED921 /* PBXTargetDependency */,
			);
			name = NestTravelTests;
			productName = NestTravelTests;
			productReference = 91174E3B1C350EC800BED921 /* NestTravelTests.xctest */;
			productType = "com.apple.product-type.bundle.unit-test";
		};
/* End PBXNativeTarget section */

/* Begin PBXProject section */
		91174E1A1C350EC700BED921 /* Project object */ = {
			isa = PBXProject;
			attributes = {
				LastUpgradeCheck = 0720;
				ORGANIZATIONNAME = "Petro Akzhygitov";
				TargetAttributes = {
					91174E211C350EC700BED921 = {
						CreatedOnToolsVersion = 7.2;
					};
					91174E3A1C350EC800BED921 = {
						CreatedOnToolsVersion = 7.2;
						TestTargetID = 91174E211C350EC700BED921;
					};
				};
			};
			buildConfigurationList = 91174E1D1C350EC700BED921 /* Build configuration list for PBXProject "NestTravel" */;
			compatibilityVersion = "Xcode 3.2";
			developmentRegion = English;
			hasScannedForEncodings = 0;
			knownRegions = (
				en,
				Base,
			);
			mainGroup = 91174E191C350EC700BED921;
			productRefGroup = 91174E231C350EC700BED921 /* Products */;
			projectDirPath = "";
			projectRoot = "";
			targets = (
				91174E211C350EC700BED921 /* NestTravel */,
				91174E3A1C350EC800BED921 /* NestTravelTests */,
			);
		};
/* End PBXProject section */

/* Begin PBXResourcesBuildPhase section */
		91174E201C350EC700BED921 /* Resources */ = {
			isa = PBXResourcesBuildPhase;
			buildActionMask = 2147483647;
			files = (
				91174E351C350EC800BED921 /* LaunchScreen.storyboard in Resources */,
				91174E321C350EC800BED921 /* Assets.xcassets in Resources */,
				91174E301C350EC800BED921 /* Main.storyboard in Resources */,
				91152E171C3A7D0800CCF504 /* ThermostatWithWeatherViewCell.xib in Resources */,
			);
			runOnlyForDeploymentPostprocessing = 0;
		};
		91174E391C350EC800BED921 /* Resources */ = {
			isa = PBXResourcesBuildPhase;
			buildActionMask = 2147483647;
			files = (
			);
			runOnlyForDeploymentPostprocessing = 0;
		};
/* End PBXResourcesBuildPhase section */

/* Begin PBXShellScriptBuildPhase section */
		14107455BF5FE501FF8D4005 /* Copy Pods Resources */ = {
			isa = PBXShellScriptBuildPhase;
			buildActionMask = 2147483647;
			files = (
			);
			inputPaths = (
			);
			name = "Copy Pods Resources";
			outputPaths = (
			);
			runOnlyForDeploymentPostprocessing = 0;
			shellPath = /bin/sh;
			shellScript = "\"${SRCROOT}/Pods/Target Support Files/Pods-NestTravel/Pods-NestTravel-resources.sh\"\n";
			showEnvVarsInLog = 0;
		};
		5C966B9D93606ECDBCADC487 /* Check Pods Manifest.lock */ = {
			isa = PBXShellScriptBuildPhase;
			buildActionMask = 2147483647;
			files = (
			);
			inputPaths = (
			);
			name = "Check Pods Manifest.lock";
			outputPaths = (
			);
			runOnlyForDeploymentPostprocessing = 0;
			shellPath = /bin/sh;
			shellScript = "diff \"${PODS_ROOT}/../Podfile.lock\" \"${PODS_ROOT}/Manifest.lock\" > /dev/null\nif [[ $? != 0 ]] ; then\n    cat << EOM\nerror: The sandbox is not in sync with the Podfile.lock. Run 'pod install' or update your CocoaPods installation.\nEOM\n    exit 1\nfi\n";
			showEnvVarsInLog = 0;
		};
		655CF5324185052BC38D7412 /* Embed Pods Frameworks */ = {
			isa = PBXShellScriptBuildPhase;
			buildActionMask = 2147483647;
			files = (
			);
			inputPaths = (
			);
			name = "Embed Pods Frameworks";
			outputPaths = (
			);
			runOnlyForDeploymentPostprocessing = 0;
			shellPath = /bin/sh;
			shellScript = "\"${SRCROOT}/Pods/Target Support Files/Pods-NestTravelTests/Pods-NestTravelTests-frameworks.sh\"\n";
			showEnvVarsInLog = 0;
		};
		857B8DB5555822B6DAF29CDE /* Embed Pods Frameworks */ = {
			isa = PBXShellScriptBuildPhase;
			buildActionMask = 2147483647;
			files = (
			);
			inputPaths = (
			);
			name = "Embed Pods Frameworks";
			outputPaths = (
			);
			runOnlyForDeploymentPostprocessing = 0;
			shellPath = /bin/sh;
			shellScript = "\"${SRCROOT}/Pods/Target Support Files/Pods-NestTravel/Pods-NestTravel-frameworks.sh\"\n";
			showEnvVarsInLog = 0;
		};
		8B26207AF3CCA0F6B3654049 /* Check Pods Manifest.lock */ = {
			isa = PBXShellScriptBuildPhase;
			buildActionMask = 2147483647;
			files = (
			);
			inputPaths = (
			);
			name = "Check Pods Manifest.lock";
			outputPaths = (
			);
			runOnlyForDeploymentPostprocessing = 0;
			shellPath = /bin/sh;
			shellScript = "diff \"${PODS_ROOT}/../Podfile.lock\" \"${PODS_ROOT}/Manifest.lock\" > /dev/null\nif [[ $? != 0 ]] ; then\n    cat << EOM\nerror: The sandbox is not in sync with the Podfile.lock. Run 'pod install' or update your CocoaPods installation.\nEOM\n    exit 1\nfi\n";
			showEnvVarsInLog = 0;
		};
		91DC3C771C3BB21500A61B61 /* ShellScript */ = {
			isa = PBXShellScriptBuildPhase;
			buildActionMask = 2147483647;
			files = (
			);
			inputPaths = (
			);
			outputPaths = (
			);
			runOnlyForDeploymentPostprocessing = 0;
			shellPath = /bin/sh;
			shellScript = "CONTENTS_PATH=\"${TARGET_BUILD_DIR}/${CONTENTS_FOLDER_PATH}\"\nrsync -rvC ~/Dropbox/travel-bird-test-data $CONTENTS_PATH";
		};
		A1B481559F48F66668BEBEF2 /* Copy Pods Resources */ = {
			isa = PBXShellScriptBuildPhase;
			buildActionMask = 2147483647;
			files = (
			);
			inputPaths = (
			);
			name = "Copy Pods Resources";
			outputPaths = (
			);
			runOnlyForDeploymentPostprocessing = 0;
			shellPath = /bin/sh;
			shellScript = "\"${SRCROOT}/Pods/Target Support Files/Pods-NestTravelTests/Pods-NestTravelTests-resources.sh\"\n";
			showEnvVarsInLog = 0;
		};
/* End PBXShellScriptBuildPhase section */

/* Begin PBXSourcesBuildPhase section */
		91174E1E1C350EC700BED921 /* Sources */ = {
			isa = PBXSourcesBuildPhase;
			buildActionMask = 2147483647;
			files = (
				91174E2D1C350EC800BED921 /* MainViewController.m in Sources */,
				91174E2A1C350EC800BED921 /* AppDelegate.m in Sources */,
				91174E271C350EC800BED921 /* main.m in Sources */,
				D7C023C08E1E22320B36620E /* NestSDKAuthorizationManager.m in Sources */,
				D7C02E835B6D515504D17739 /* NestSDKAccessToken.m in Sources */,
				D7C02DF367269C0C78B84696 /* NestSDKRESTService.m in Sources */,
				D7C02DEADB127EAF93665CF5 /* NestSDKApplicationDelegate.m in Sources */,
				D7C0269DC6B7E0DE9ACAD2FA /* UIColor+NestBlue.m in Sources */,
				D7C02D9960206952E51E3733 /* TBDWeatherService.m in Sources */,
				D7C029D8F5A4343B3D44029F /* TBDWeatherData.m in Sources */,
				D7C02818B12D5EFD35B4A670 /* NestSDKAuthorizationManagerAuthorizationResult.m in Sources */,
				D7C02CA7CF23B916C3B27F6B /* NestSDKAuthorizationViewController.m in Sources */,
				91152E161C3A7D0800CCF504 /* ThermostatWithWeatherViewCell.m in Sources */,
				D7C02D13C44CEB840CB0E1B5 /* NestSDKThermostatsManager.m in Sources */,
				D7C0231B4BF2079EEEB1BDD2 /* NestSDKStructuresManager.m in Sources */,
				D7C02CFA97BEF7B92A669E4D /* NestSDKStructure.m in Sources */,
				D7C02ECB40158386F0402C3E /* NestSDKThermostat.m in Sources */,
				D7C0208547FBBD2F9E92A85B /* NestSDKFirebaseManager.m in Sources */,
				D7C025534AAD67F0078DDC34 /* TBDUtils.m in Sources */,
				D7C02DE7F994C2427DA9525D /* TBDWeatherServiceDataParser.m in Sources */,
				D7C02C2206A0965D6E7F0EB0 /* NestSDKAccessTokenCache.m in Sources */,
				D7C027C4B28E10A5507B3C15 /* TestsAppDelegate.m in Sources */,
				D7C0231396D4293CD2D720D1 /* NestSDKSmokeCOAlarm.m in Sources */,
				D7C02A72BD176985E91705A7 /* WebViewController.m in Sources */,
				D7C02DE0BB964CFB919F1FD7 /* TBDTravelSuggestion.m in Sources */,
				D7C0216730452AEDA81062DB /* HTMLAttributedString.m in Sources */,
			);
			runOnlyForDeploymentPostprocessing = 0;
		};
		91174E371C350EC800BED921 /* Sources */ = {
			isa = PBXSourcesBuildPhase;
			buildActionMask = 2147483647;
			files = (
				D7C02807BA36895C94E7EB2E /* TBDUtilsTests.m in Sources */,
				D7C020A8A8F9101900976F3A /* TBDWeatherServiceDataParserTests.m in Sources */,
				D7C02B0D900732DFBDE1A278 /* TBDWeatherServiceTests.m in Sources */,
				D7C028E0AA14CCA5D1D1C578 /* NestSDKAccessTokenCacheTests.m in Sources */,
				D7C02A4D1807B684BBC28754 /* NestSDKAccessTokenTests.m in Sources */,
				D7C023D65DC4103B493ED768 /* NestSDKRESTServiceTests.m in Sources */,
			);
			runOnlyForDeploymentPostprocessing = 0;
		};
/* End PBXSourcesBuildPhase section */

/* Begin PBXTargetDependency section */
		91174E3D1C350EC800BED921 /* PBXTargetDependency */ = {
			isa = PBXTargetDependency;
			target = 91174E211C350EC700BED921 /* NestTravel */;
			targetProxy = 91174E3C1C350EC800BED921 /* PBXContainerItemProxy */;
		};
/* End PBXTargetDependency section */

/* Begin PBXVariantGroup section */
		91174E2E1C350EC800BED921 /* Main.storyboard */ = {
			isa = PBXVariantGroup;
			children = (
				91174E2F1C350EC800BED921 /* Base */,
			);
			name = Main.storyboard;
			sourceTree = "<group>";
		};
		91174E331C350EC800BED921 /* LaunchScreen.storyboard */ = {
			isa = PBXVariantGroup;
			children = (
				91174E341C350EC800BED921 /* Base */,
			);
			name = LaunchScreen.storyboard;
			sourceTree = "<group>";
		};
/* End PBXVariantGroup section */

/* Begin XCBuildConfiguration section */
		91174E421C350EC800BED921 /* Debug */ = {
			isa = XCBuildConfiguration;
			buildSettings = {
				ALWAYS_SEARCH_USER_PATHS = NO;
				CLANG_CXX_LANGUAGE_STANDARD = "gnu++0x";
				CLANG_CXX_LIBRARY = "libc++";
				CLANG_ENABLE_MODULES = YES;
				CLANG_ENABLE_OBJC_ARC = YES;
				CLANG_WARN_BOOL_CONVERSION = YES;
				CLANG_WARN_CONSTANT_CONVERSION = YES;
				CLANG_WARN_DIRECT_OBJC_ISA_USAGE = YES_ERROR;
				CLANG_WARN_EMPTY_BODY = YES;
				CLANG_WARN_ENUM_CONVERSION = YES;
				CLANG_WARN_INT_CONVERSION = YES;
				CLANG_WARN_OBJC_ROOT_CLASS = YES_ERROR;
				CLANG_WARN_UNREACHABLE_CODE = YES;
				CLANG_WARN__DUPLICATE_METHOD_MATCH = YES;
				"CODE_SIGN_IDENTITY[sdk=iphoneos*]" = "iPhone Developer";
				COPY_PHASE_STRIP = NO;
				DEBUG_INFORMATION_FORMAT = dwarf;
				ENABLE_BITCODE = NO;
				ENABLE_STRICT_OBJC_MSGSEND = YES;
				ENABLE_TESTABILITY = YES;
				GCC_C_LANGUAGE_STANDARD = gnu99;
				GCC_DYNAMIC_NO_PIC = NO;
				GCC_NO_COMMON_BLOCKS = YES;
				GCC_OPTIMIZATION_LEVEL = 0;
				GCC_PREPROCESSOR_DEFINITIONS = (
					"DEBUG=1",
					"$(inherited)",
				);
				GCC_WARN_64_TO_32_BIT_CONVERSION = YES;
				GCC_WARN_ABOUT_RETURN_TYPE = YES_ERROR;
				GCC_WARN_UNDECLARED_SELECTOR = YES;
				GCC_WARN_UNINITIALIZED_AUTOS = YES_AGGRESSIVE;
				GCC_WARN_UNUSED_FUNCTION = YES;
				GCC_WARN_UNUSED_VARIABLE = YES;
				IPHONEOS_DEPLOYMENT_TARGET = 9.2;
				MTL_ENABLE_DEBUG_INFO = YES;
				ONLY_ACTIVE_ARCH = YES;
				SDKROOT = iphoneos;
				TARGETED_DEVICE_FAMILY = "1,2";
			};
			name = Debug;
		};
		91174E431C350EC800BED921 /* Release */ = {
			isa = XCBuildConfiguration;
			buildSettings = {
				ALWAYS_SEARCH_USER_PATHS = NO;
				CLANG_CXX_LANGUAGE_STANDARD = "gnu++0x";
				CLANG_CXX_LIBRARY = "libc++";
				CLANG_ENABLE_MODULES = YES;
				CLANG_ENABLE_OBJC_ARC = YES;
				CLANG_WARN_BOOL_CONVERSION = YES;
				CLANG_WARN_CONSTANT_CONVERSION = YES;
				CLANG_WARN_DIRECT_OBJC_ISA_USAGE = YES_ERROR;
				CLANG_WARN_EMPTY_BODY = YES;
				CLANG_WARN_ENUM_CONVERSION = YES;
				CLANG_WARN_INT_CONVERSION = YES;
				CLANG_WARN_OBJC_ROOT_CLASS = YES_ERROR;
				CLANG_WARN_UNREACHABLE_CODE = YES;
				CLANG_WARN__DUPLICATE_METHOD_MATCH = YES;
				"CODE_SIGN_IDENTITY[sdk=iphoneos*]" = "iPhone Developer";
				COPY_PHASE_STRIP = NO;
				DEBUG_INFORMATION_FORMAT = "dwarf-with-dsym";
				ENABLE_BITCODE = NO;
				ENABLE_NS_ASSERTIONS = NO;
				ENABLE_STRICT_OBJC_MSGSEND = YES;
				GCC_C_LANGUAGE_STANDARD = gnu99;
				GCC_NO_COMMON_BLOCKS = YES;
				GCC_WARN_64_TO_32_BIT_CONVERSION = YES;
				GCC_WARN_ABOUT_RETURN_TYPE = YES_ERROR;
				GCC_WARN_UNDECLARED_SELECTOR = YES;
				GCC_WARN_UNINITIALIZED_AUTOS = YES_AGGRESSIVE;
				GCC_WARN_UNUSED_FUNCTION = YES;
				GCC_WARN_UNUSED_VARIABLE = YES;
				IPHONEOS_DEPLOYMENT_TARGET = 9.2;
				MTL_ENABLE_DEBUG_INFO = NO;
				SDKROOT = iphoneos;
				TARGETED_DEVICE_FAMILY = "1,2";
				VALIDATE_PRODUCT = YES;
			};
			name = Release;
		};
		91174E451C350EC800BED921 /* Debug */ = {
			isa = XCBuildConfiguration;
			baseConfigurationReference = 5E46F44C48DB9D2F0C73409B /* Pods-NestTravel.debug.xcconfig */;
			buildSettings = {
				ASSETCATALOG_COMPILER_APPICON_NAME = AppIcon;
				ENABLE_BITCODE = NO;
				FRAMEWORK_SEARCH_PATHS = (
					"$(inherited)",
					"$(PROJECT_DIR)/third_party",
				);
				INFOPLIST_FILE = NestTravel/Info.plist;
				IPHONEOS_DEPLOYMENT_TARGET = 8.1;
				LD_RUNPATH_SEARCH_PATHS = "$(inherited) @executable_path/Frameworks";
				PRODUCT_BUNDLE_IDENTIFIER = PAK.NestTravel;
				PRODUCT_NAME = "$(TARGET_NAME)";
				TARGETED_DEVICE_FAMILY = 1;
				USER_HEADER_SEARCH_PATHS = "\"${PROJECT_DIR}/Pods\"/**";
			};
			name = Debug;
		};
		91174E461C350EC800BED921 /* Release */ = {
			isa = XCBuildConfiguration;
			baseConfigurationReference = 09A389AFFB0003100E5C9243 /* Pods-NestTravel.release.xcconfig */;
			buildSettings = {
				ASSETCATALOG_COMPILER_APPICON_NAME = AppIcon;
				ENABLE_BITCODE = NO;
				FRAMEWORK_SEARCH_PATHS = (
					"$(inherited)",
					"$(PROJECT_DIR)/third_party",
				);
				INFOPLIST_FILE = NestTravel/Info.plist;
				IPHONEOS_DEPLOYMENT_TARGET = 8.1;
				LD_RUNPATH_SEARCH_PATHS = "$(inherited) @executable_path/Frameworks";
				PRODUCT_BUNDLE_IDENTIFIER = PAK.NestTravel;
				PRODUCT_NAME = "$(TARGET_NAME)";
				TARGETED_DEVICE_FAMILY = 1;
				USER_HEADER_SEARCH_PATHS = "\"${PROJECT_DIR}/Pods\"/**";
			};
			name = Release;
		};
		91174E481C350EC800BED921 /* Debug */ = {
			isa = XCBuildConfiguration;
			baseConfigurationReference = 79E32906BF8F5E79717276D1 /* Pods-NestTravelTests.debug.xcconfig */;
			buildSettings = {
				BUNDLE_LOADER = "$(TEST_HOST)";
				INFOPLIST_FILE = NestTravelTests/Info.plist;
				LD_RUNPATH_SEARCH_PATHS = "$(inherited) @executable_path/Frameworks @loader_path/Frameworks";
				PRODUCT_BUNDLE_IDENTIFIER = PAK.NestTravelTests;
				PRODUCT_NAME = "$(TARGET_NAME)";
				TEST_HOST = "$(BUILT_PRODUCTS_DIR)/NestTravel.app/NestTravel";
			};
			name = Debug;
		};
		91174E491C350EC800BED921 /* Release */ = {
			isa = XCBuildConfiguration;
			baseConfigurationReference = 987FD573E46A5694BBDD4339 /* Pods-NestTravelTests.release.xcconfig */;
			buildSettings = {
				BUNDLE_LOADER = "$(TEST_HOST)";
				INFOPLIST_FILE = NestTravelTests/Info.plist;
				LD_RUNPATH_SEARCH_PATHS = "$(inherited) @executable_path/Frameworks @loader_path/Frameworks";
				PRODUCT_BUNDLE_IDENTIFIER = PAK.NestTravelTests;
				PRODUCT_NAME = "$(TARGET_NAME)";
				TEST_HOST = "$(BUILT_PRODUCTS_DIR)/NestTravel.app/NestTravel";
			};
			name = Release;
		};
/* End XCBuildConfiguration section */

/* Begin XCConfigurationList section */
		91174E1D1C350EC700BED921 /* Build configuration list for PBXProject "NestTravel" */ = {
			isa = XCConfigurationList;
			buildConfigurations = (
				91174E421C350EC800BED921 /* Debug */,
				91174E431C350EC800BED921 /* Release */,
			);
			defaultConfigurationIsVisible = 0;
			defaultConfigurationName = Release;
		};
		91174E441C350EC800BED921 /* Build configuration list for PBXNativeTarget "NestTravel" */ = {
			isa = XCConfigurationList;
			buildConfigurations = (
				91174E451C350EC800BED921 /* Debug */,
				91174E461C350EC800BED921 /* Release */,
			);
			defaultConfigurationIsVisible = 0;
			defaultConfigurationName = Release;
		};
		91174E471C350EC800BED921 /* Build configuration list for PBXNativeTarget "NestTravelTests" */ = {
			isa = XCConfigurationList;
			buildConfigurations = (
				91174E481C350EC800BED921 /* Debug */,
				91174E491C350EC800BED921 /* Release */,
			);
			defaultConfigurationIsVisible = 0;
			defaultConfigurationName = Release;
		};
/* End XCConfigurationList section */
	};
	rootObject = 91174E1A1C350EC700BED921 /* Project object */;
}
